# This file is automatically @generated by Cargo.
# It is not intended for manual editing.
version = 4

[[package]]
name = "momomod_kit"
version = "0.1.0"
dependencies = [
 "tkiw_reward_picker",
 "tkiw_runtime",
]

[[package]]
name = "tkiw_reward_picker"
version = "0.1.1"
dependencies = [
 "tkiw_runtime",
]

[[package]]
name = "tkiw_runtime"
version = "0.1.0"
